
Microsoft Visual Studio Solution File, Format Version 12.00
# Visual Studio Version 17
VisualStudioVersion = 17.8.34322.80
MinimumVisualStudioVersion = 10.0.40219.1
Project("{9A19103F-16F7-4668-BE54-9A1E7A4F7556}") = "OOP_Lab7_Zaychenko", "Lab_7\OOP_Lab7_Zaychenko.csproj", "{DD295CCB-DF9D-4E8D-A769-10127268486B}"
EndProject
Project("{9A19103F-16F7-4668-BE54-9A1E7A4F7556}") = "UnitTestsLab7", "UnitTestsLab7\UnitTestsLab7.csproj", "{9548DACC-CBE6-4655-9227-DBA25550F70F}"
EndProject
Global
	GlobalSection(SolutionConfigurationPlatforms) = preSolution
		Debug|Any CPU = Debug|Any CPU
		Release|Any CPU = Release|Any CPU
	EndGlobalSection
	GlobalSection(ProjectConfigurationPlatforms) = postSolution
		{DD295CCB-DF9D-4E8D-A769-10127268486B}.Debug|Any CPU.ActiveCfg = Debug|Any CPU
		{DD295CCB-DF9D-4E8D-A769-10127268486B}.Debug|Any CPU.Build.0 = Debug|Any CPU
		{DD295CCB-DF9D-4E8D-A769-10127268486B}.Release|Any CPU.ActiveCfg = Release|Any CPU
		{DD295CCB-DF9D-4E8D-A769-10127268486B}.Release|Any CPU.Build.0 = Release|Any CPU
		{9548DACC-CBE6-4655-9227-DBA25550F70F}.Debug|Any CPU.ActiveCfg = Debug|Any CPU
		{9548DACC-CBE6-4655-9227-DBA25550F70F}.Debug|Any CPU.Build.0 = Debug|Any CPU
		{9548DACC-CBE6-4655-9227-DBA25550F70F}.Release|Any CPU.ActiveCfg = Release|Any CPU
		{9548DACC-CBE6-4655-9227-DBA25550F70F}.Release|Any CPU.Build.0 = Release|Any CPU
	EndGlobalSection
	GlobalSection(SolutionProperties) = preSolution
		HideSolutionNode = FALSE
	EndGlobalSection
	GlobalSection(ExtensibilityGlobals) = postSolution
		SolutionGuid = {8E7675E3-E54B-45AC-ACB9-3D1CCDBAC817}
	EndGlobalSection
EndGlobal
